
Microsoft Visual Studio Solution File, Format Version 12.00
# Visual Studio Version 17
VisualStudioVersion = 17.9.34902.65
MinimumVisualStudioVersion = 10.0.40219.1
Project("{FAE04EC0-301F-11D3-BF4B-00C04F79EFBC}") = "Tdtlession06CF", "Tdtlession06CF\Tdtlession06CF.csproj", "{9280C1A2-D264-49BB-BA7F-E1316D90FB42}"
EndProject
Global
	GlobalSection(SolutionConfigurationPlatforms) = preSolution
		Debug|Any CPU = Debug|Any CPU
		Release|Any CPU = Release|Any CPU
	EndGlobalSection
	GlobalSection(ProjectConfigurationPlatforms) = postSolution
		{9280C1A2-D264-49BB-BA7F-E1316D90FB42}.Debug|Any CPU.ActiveCfg = Debug|Any CPU
		{9280C1A2-D264-49BB-BA7F-E1316D90FB42}.Debug|Any CPU.Build.0 = Debug|Any CPU
		{9280C1A2-D264-49BB-BA7F-E1316D90FB42}.Release|Any CPU.ActiveCfg = Release|Any CPU
		{9280C1A2-D264-49BB-BA7F-E1316D90FB42}.Release|Any CPU.Build.0 = Release|Any CPU
	EndGlobalSection
	GlobalSection(SolutionProperties) = preSolution
		HideSolutionNode = FALSE
	EndGlobalSection
	GlobalSection(ExtensibilityGlobals) = postSolution
		SolutionGuid = {43FC8A3A-2AE9-4A33-9018-CDEE560E4875}
	EndGlobalSection
EndGlobal
